
Microsoft Visual Studio Solution File, Format Version 12.00
# Visual Studio Version 17
VisualStudioVersion = 17.9.34902.65
MinimumVisualStudioVersion = 10.0.40219.1
Project("{FAE04EC0-301F-11D3-BF4B-00C04F79EFBC}") = "Data_streams", "Data_streams\Data_streams.csproj", "{D27CD2DC-51C2-487A-AB44-2A799A3666AF}"
EndProject
Global
	GlobalSection(SolutionConfigurationPlatforms) = preSolution
		Debug|Any CPU = Debug|Any CPU
		Release|Any CPU = Release|Any CPU
	EndGlobalSection
	GlobalSection(ProjectConfigurationPlatforms) = postSolution
		{D27CD2DC-51C2-487A-AB44-2A799A3666AF}.Debug|Any CPU.ActiveCfg = Debug|Any CPU
		{D27CD2DC-51C2-487A-AB44-2A799A3666AF}.Debug|Any CPU.Build.0 = Debug|Any CPU
		{D27CD2DC-51C2-487A-AB44-2A799A3666AF}.Release|Any CPU.ActiveCfg = Release|Any CPU
		{D27CD2DC-51C2-487A-AB44-2A799A3666AF}.Release|Any CPU.Build.0 = Release|Any CPU
	EndGlobalSection
	GlobalSection(SolutionProperties) = preSolution
		HideSolutionNode = FALSE
	EndGlobalSection
	GlobalSection(ExtensibilityGlobals) = postSolution
		SolutionGuid = {A6BAECD7-1DFF-403D-90C1-0681BB497B98}
	EndGlobalSection
EndGlobal
